{
  "markbot": "f09f3de5530ff6f4afbf318138341bfc53609e9ffce2e14eff114a01186ad870",
  "markbotignore": "030a4e6e1b3b6b510514a7ae54576e2c2ef762d56236c6414ef634955d96a126",
  "index-320.png": "d0989b635c358b3c659240640ef2641e239a6522fb5b4e2012ec1a24c4b8a1f0",
  "index-960.png": "16c86e4524ce44699873294ae63e9e68c951d8e601f4f22da5d8b0c1bb864022"
}